
Microsoft Visual Studio Solution File, Format Version 12.00
# Visual Studio Version 17
VisualStudioVersion = 17.4.33403.182
MinimumVisualStudioVersion = 10.0.40219.1
Project("{FAE04EC0-301F-11D3-BF4B-00C04F79EFBC}") = "TrainTicketSystem", "TrainTicketSystem\TrainTicketSystem.csproj", "{0B3EE52C-2336-46D6-9F84-00C9FF475A22}"
EndProject
Global
	GlobalSection(SolutionConfigurationPlatforms) = preSolution
		Debug|Any CPU = Debug|Any CPU
		Release|Any CPU = Release|Any CPU
	EndGlobalSection
	GlobalSection(ProjectConfigurationPlatforms) = postSolution
		{0B3EE52C-2336-46D6-9F84-00C9FF475A22}.Debug|Any CPU.ActiveCfg = Debug|Any CPU
		{0B3EE52C-2336-46D6-9F84-00C9FF475A22}.Debug|Any CPU.Build.0 = Debug|Any CPU
		{0B3EE52C-2336-46D6-9F84-00C9FF475A22}.Release|Any CPU.ActiveCfg = Release|Any CPU
		{0B3EE52C-2336-46D6-9F84-00C9FF475A22}.Release|Any CPU.Build.0 = Release|Any CPU
	EndGlobalSection
	GlobalSection(SolutionProperties) = preSolution
		HideSolutionNode = FALSE
	EndGlobalSection
	GlobalSection(ExtensibilityGlobals) = postSolution
		SolutionGuid = {55BF7C79-9CA7-4E35-B979-6206A8E402B5}
	EndGlobalSection
EndGlobal
